
Microsoft Visual Studio Solution File, Format Version 12.00
# Visual Studio Version 17
VisualStudioVersion = 17.3.32811.315
MinimumVisualStudioVersion = 10.0.40219.1
Project("{FAE04EC0-301F-11D3-BF4B-00C04F79EFBC}") = "APIAuthentificationUsingJWT", "APIAuthentificationUsingJWT\APIAuthentificationUsingJWT.csproj", "{BC8685C9-5DF7-42F1-917E-A3C6B305D6B1}"
EndProject
Global
	GlobalSection(SolutionConfigurationPlatforms) = preSolution
		Debug|Any CPU = Debug|Any CPU
		Release|Any CPU = Release|Any CPU
	EndGlobalSection
	GlobalSection(ProjectConfigurationPlatforms) = postSolution
		{BC8685C9-5DF7-42F1-917E-A3C6B305D6B1}.Debug|Any CPU.ActiveCfg = Debug|Any CPU
		{BC8685C9-5DF7-42F1-917E-A3C6B305D6B1}.Debug|Any CPU.Build.0 = Debug|Any CPU
		{BC8685C9-5DF7-42F1-917E-A3C6B305D6B1}.Release|Any CPU.ActiveCfg = Release|Any CPU
		{BC8685C9-5DF7-42F1-917E-A3C6B305D6B1}.Release|Any CPU.Build.0 = Release|Any CPU
	EndGlobalSection
	GlobalSection(SolutionProperties) = preSolution
		HideSolutionNode = FALSE
	EndGlobalSection
	GlobalSection(ExtensibilityGlobals) = postSolution
		SolutionGuid = {2894FFC3-0FD0-4413-B53A-584019132353}
	EndGlobalSection
EndGlobal
